
Microsoft Visual Studio Solution File, Format Version 12.00
# Visual Studio Version 17
VisualStudioVersion = 17.8.34511.84
MinimumVisualStudioVersion = 10.0.40219.1
Project("{FAE04EC0-301F-11D3-BF4B-00C04F79EFBC}") = "RetailManagmentSystem.DataManager", "RetailManagmentSystem.DataManager\RetailManagmentSystem.DataManager.csproj", "{0FCF5DB3-B025-413D-9AD7-AEFD01BDAC5C}"
EndProject
Global
	GlobalSection(SolutionConfigurationPlatforms) = preSolution
		Debug|Any CPU = Debug|Any CPU
		Release|Any CPU = Release|Any CPU
	EndGlobalSection
	GlobalSection(ProjectConfigurationPlatforms) = postSolution
		{0FCF5DB3-B025-413D-9AD7-AEFD01BDAC5C}.Debug|Any CPU.ActiveCfg = Debug|Any CPU
		{0FCF5DB3-B025-413D-9AD7-AEFD01BDAC5C}.Debug|Any CPU.Build.0 = Debug|Any CPU
		{0FCF5DB3-B025-413D-9AD7-AEFD01BDAC5C}.Release|Any CPU.ActiveCfg = Release|Any CPU
		{0FCF5DB3-B025-413D-9AD7-AEFD01BDAC5C}.Release|Any CPU.Build.0 = Release|Any CPU
	EndGlobalSection
	GlobalSection(SolutionProperties) = preSolution
		HideSolutionNode = FALSE
	EndGlobalSection
	GlobalSection(ExtensibilityGlobals) = postSolution
		SolutionGuid = {2639E77E-DD14-44E4-94DE-57E10970E6DF}
	EndGlobalSection
EndGlobal
