
Microsoft Visual Studio Solution File, Format Version 12.00
# Visual Studio Version 17
VisualStudioVersion = 17.8.34511.84
MinimumVisualStudioVersion = 10.0.40219.1
Project("{FAE04EC0-301F-11D3-BF4B-00C04F79EFBC}") = "RetailManagmentSystem.DataManager", "RetailManagmentSystem.DataManager\RetailManagmentSystem.DataManager.csproj", "{0FCF5DB3-B025-413D-9AD7-AEFD01BDAC5C}"
EndProject
Project("{00D1A9C2-B5F0-4AF3-8072-F6C62B433612}") = "RetailManagmentSystem.Data", "RetailManagmentSystem.Data\RetailManagmentSystem.Data.sqlproj", "{23E69971-B317-4869-AB40-69904F8E4085}"
EndProject
Project("{FAE04EC0-301F-11D3-BF4B-00C04F79EFBC}") = "RetailManagmentSystem.WPF-UI", "RetailManagmentSystem.WPF-UI\RetailManagmentSystem.WPF-UI.csproj", "{930167EB-FFCC-4749-8F4B-784D4D28B657}"
EndProject
Project("{FAE04EC0-301F-11D3-BF4B-00C04F79EFBC}") = "RetailManagmentSystem.DataManagerLibrary", "RetailManagmentSystem.DataManagerLibrary\RetailManagmentSystem.DataManagerLibrary.csproj", "{CD8FB886-D1EE-48BD-958E-BD728D5A1BE2}"
EndProject
Project("{FAE04EC0-301F-11D3-BF4B-00C04F79EFBC}") = "RetailManagmentSystem.WPF-UI.Library", "RetailManagmentSystem.WPF-UI.Library\RetailManagmentSystem.WPF-UI.Library.csproj", "{C0CABB5D-3C54-46F0-8123-0232C8FBCC42}"
EndProject
Global
	GlobalSection(SolutionConfigurationPlatforms) = preSolution
		Debug|Any CPU = Debug|Any CPU
		Release|Any CPU = Release|Any CPU
	EndGlobalSection
	GlobalSection(ProjectConfigurationPlatforms) = postSolution
		{0FCF5DB3-B025-413D-9AD7-AEFD01BDAC5C}.Debug|Any CPU.ActiveCfg = Debug|Any CPU
		{0FCF5DB3-B025-413D-9AD7-AEFD01BDAC5C}.Debug|Any CPU.Build.0 = Debug|Any CPU
		{0FCF5DB3-B025-413D-9AD7-AEFD01BDAC5C}.Release|Any CPU.ActiveCfg = Release|Any CPU
		{0FCF5DB3-B025-413D-9AD7-AEFD01BDAC5C}.Release|Any CPU.Build.0 = Release|Any CPU
		{23E69971-B317-4869-AB40-69904F8E4085}.Debug|Any CPU.ActiveCfg = Debug|Any CPU
		{23E69971-B317-4869-AB40-69904F8E4085}.Debug|Any CPU.Build.0 = Debug|Any CPU
		{23E69971-B317-4869-AB40-69904F8E4085}.Debug|Any CPU.Deploy.0 = Debug|Any CPU
		{23E69971-B317-4869-AB40-69904F8E4085}.Release|Any CPU.ActiveCfg = Release|Any CPU
		{23E69971-B317-4869-AB40-69904F8E4085}.Release|Any CPU.Build.0 = Release|Any CPU
		{23E69971-B317-4869-AB40-69904F8E4085}.Release|Any CPU.Deploy.0 = Release|Any CPU
		{930167EB-FFCC-4749-8F4B-784D4D28B657}.Debug|Any CPU.ActiveCfg = Debug|Any CPU
		{930167EB-FFCC-4749-8F4B-784D4D28B657}.Debug|Any CPU.Build.0 = Debug|Any CPU
		{930167EB-FFCC-4749-8F4B-784D4D28B657}.Release|Any CPU.ActiveCfg = Release|Any CPU
		{930167EB-FFCC-4749-8F4B-784D4D28B657}.Release|Any CPU.Build.0 = Release|Any CPU
		{CD8FB886-D1EE-48BD-958E-BD728D5A1BE2}.Debug|Any CPU.ActiveCfg = Debug|Any CPU
		{CD8FB886-D1EE-48BD-958E-BD728D5A1BE2}.Debug|Any CPU.Build.0 = Debug|Any CPU
		{CD8FB886-D1EE-48BD-958E-BD728D5A1BE2}.Release|Any CPU.ActiveCfg = Release|Any CPU
		{CD8FB886-D1EE-48BD-958E-BD728D5A1BE2}.Release|Any CPU.Build.0 = Release|Any CPU
		{C0CABB5D-3C54-46F0-8123-0232C8FBCC42}.Debug|Any CPU.ActiveCfg = Debug|Any CPU
		{C0CABB5D-3C54-46F0-8123-0232C8FBCC42}.Debug|Any CPU.Build.0 = Debug|Any CPU
		{C0CABB5D-3C54-46F0-8123-0232C8FBCC42}.Release|Any CPU.ActiveCfg = Release|Any CPU
		{C0CABB5D-3C54-46F0-8123-0232C8FBCC42}.Release|Any CPU.Build.0 = Release|Any CPU
	EndGlobalSection
	GlobalSection(SolutionProperties) = preSolution
		HideSolutionNode = FALSE
	EndGlobalSection
	GlobalSection(ExtensibilityGlobals) = postSolution
		SolutionGuid = {2639E77E-DD14-44E4-94DE-57E10970E6DF}
	EndGlobalSection
EndGlobal
